
Microsoft Visual Studio Solution File, Format Version 12.00
# Visual Studio Version 18
VisualStudioVersion = 18.0.11222.15
MinimumVisualStudioVersion = 10.0.40219.1
Project("{FAE04EC0-301F-11D3-BF4B-00C04F79EFBC}") = "Engendro", "Engendro\Engendro.csproj", "{5A49A6A1-BCA7-4A27-B913-5DD1929BAFC9}"
EndProject
Project("{FAE04EC0-301F-11D3-BF4B-00C04F79EFBC}") = "Windows", "Windows\Windows.csproj", "{D87EA913-9025-4443-8B5C-A7FE6383A43C}"
EndProject
Project("{FAE04EC0-301F-11D3-BF4B-00C04F79EFBC}") = "Adberration", "Adberration\Adberration.csproj", "{A873D75C-B0CE-24DE-730D-1D59A92D5EDD}"
EndProject
Project("{FAE04EC0-301F-11D3-BF4B-00C04F79EFBC}") = "Remizione", "Remizione\Remizione.csproj", "{51C7C24D-4457-7DA3-95D9-1258E0951FE7}"
EndProject
Project("{2150E333-8FDC-42A3-9474-1A3956D46DE8}") = "Platforms", "Platforms", "{02EA681E-C7D8-13C7-8484-4AC65E1B71E8}"
EndProject
Global
	GlobalSection(SolutionConfigurationPlatforms) = preSolution
		Debug|Any CPU = Debug|Any CPU
		Release|Any CPU = Release|Any CPU
	EndGlobalSection
	GlobalSection(ProjectConfigurationPlatforms) = postSolution
		{5A49A6A1-BCA7-4A27-B913-5DD1929BAFC9}.Debug|Any CPU.ActiveCfg = Debug|Any CPU
		{5A49A6A1-BCA7-4A27-B913-5DD1929BAFC9}.Debug|Any CPU.Build.0 = Debug|Any CPU
		{5A49A6A1-BCA7-4A27-B913-5DD1929BAFC9}.Release|Any CPU.ActiveCfg = Release|Any CPU
		{5A49A6A1-BCA7-4A27-B913-5DD1929BAFC9}.Release|Any CPU.Build.0 = Release|Any CPU
		{D87EA913-9025-4443-8B5C-A7FE6383A43C}.Debug|Any CPU.ActiveCfg = Debug|Any CPU
		{D87EA913-9025-4443-8B5C-A7FE6383A43C}.Debug|Any CPU.Build.0 = Debug|Any CPU
		{D87EA913-9025-4443-8B5C-A7FE6383A43C}.Release|Any CPU.ActiveCfg = Release|Any CPU
		{D87EA913-9025-4443-8B5C-A7FE6383A43C}.Release|Any CPU.Build.0 = Release|Any CPU
		{A873D75C-B0CE-24DE-730D-1D59A92D5EDD}.Debug|Any CPU.ActiveCfg = Debug|Any CPU
		{A873D75C-B0CE-24DE-730D-1D59A92D5EDD}.Debug|Any CPU.Build.0 = Debug|Any CPU
		{A873D75C-B0CE-24DE-730D-1D59A92D5EDD}.Release|Any CPU.ActiveCfg = Release|Any CPU
		{A873D75C-B0CE-24DE-730D-1D59A92D5EDD}.Release|Any CPU.Build.0 = Release|Any CPU
		{51C7C24D-4457-7DA3-95D9-1258E0951FE7}.Debug|Any CPU.ActiveCfg = Debug|Any CPU
		{51C7C24D-4457-7DA3-95D9-1258E0951FE7}.Debug|Any CPU.Build.0 = Debug|Any CPU
		{51C7C24D-4457-7DA3-95D9-1258E0951FE7}.Release|Any CPU.ActiveCfg = Release|Any CPU
		{51C7C24D-4457-7DA3-95D9-1258E0951FE7}.Release|Any CPU.Build.0 = Release|Any CPU
	EndGlobalSection
	GlobalSection(SolutionProperties) = preSolution
		HideSolutionNode = FALSE
	EndGlobalSection
	GlobalSection(NestedProjects) = preSolution
		{D87EA913-9025-4443-8B5C-A7FE6383A43C} = {02EA681E-C7D8-13C7-8484-4AC65E1B71E8}
	EndGlobalSection
	GlobalSection(ExtensibilityGlobals) = postSolution
		SolutionGuid = {941A31E0-87A2-4AC2-8929-901FF6D6C666}
	EndGlobalSection
EndGlobal
