
Microsoft Visual Studio Solution File, Format Version 12.00
# Visual Studio Version 17
VisualStudioVersion = 17.2.32630.192
MinimumVisualStudioVersion = 10.0.40219.1
Project("{9A19103F-16F7-4668-BE54-9A1E7A4F7556}") = "TextRepositoryEditor", "TextRepositoryEditor\TextRepositoryEditor.csproj", "{EDE029E2-3C0E-4840-BC20-845A690C64D7}"
EndProject
Global
	GlobalSection(SolutionConfigurationPlatforms) = preSolution
		Debug|Any CPU = Debug|Any CPU
		Release|Any CPU = Release|Any CPU
	EndGlobalSection
	GlobalSection(ProjectConfigurationPlatforms) = postSolution
		{EDE029E2-3C0E-4840-BC20-845A690C64D7}.Debug|Any CPU.ActiveCfg = Debug|Any CPU
		{EDE029E2-3C0E-4840-BC20-845A690C64D7}.Debug|Any CPU.Build.0 = Debug|Any CPU
		{EDE029E2-3C0E-4840-BC20-845A690C64D7}.Release|Any CPU.ActiveCfg = Release|Any CPU
		{EDE029E2-3C0E-4840-BC20-845A690C64D7}.Release|Any CPU.Build.0 = Release|Any CPU
	EndGlobalSection
	GlobalSection(SolutionProperties) = preSolution
		HideSolutionNode = FALSE
	EndGlobalSection
	GlobalSection(ExtensibilityGlobals) = postSolution
		SolutionGuid = {F1748485-9EB7-4D7E-85BE-CE55952E80C8}
	EndGlobalSection
EndGlobal
